{
  "version": 4,
  "terraform_version": "1.5.7",
  "serial": 133,
  "lineage": "b1ab148d-8c98-531a-86f3-4e065c7b5ff6",
  "outputs": {
    "aiqentrega-vpc-network": {
      "value": "https://www.googleapis.com/compute/v1/projects/aiqfome-host-project-dev-0ac5/global/networks/aiqentrega-project-vpc-dev",
      "type": "string"
    },
    "aiqfome-vpc-network": {
      "value": "https://www.googleapis.com/compute/v1/projects/aiqfome-host-project-dev-0ac5/global/networks/aiqfome-project-vpc-dev",
      "type": "string"
    },
    "aiqfome_cluster_vpc": {
      "value": "module.vpc.network_name",
      "type": "string"
    },
    "plusdelivery-vpc-network": {
      "value": "https://www.googleapis.com/compute/v1/projects/aiqfome-host-project-dev-0ac5/global/networks/plusdelivery-project-vpc-dev",
      "type": "string"
    },
    "subnet_aiqentrega_application": {
      "value": "https://www.googleapis.com/compute/v1/projects/aiqfome-host-project-dev-0ac5/regions/us-east1/subnetworks/aiqentrega-subnet-application-dev",
      "type": "string"
    },
    "subnet_aiqentrega_service": {
      "value": "aiqentrega-subnet-service-dev",
      "type": "string"
    },
    "subnet_aiqfome_application": {
      "value": "https://www.googleapis.com/compute/v1/projects/aiqfome-host-project-dev-0ac5/regions/us-east1/subnetworks/aiqfome-subnet-application-dev",
      "type": "string"
    },
    "subnet_aiqfome_cluster": {
      "value": "module.vpc.subnets[0].subnet_name",
      "type": "string"
    },
    "subnet_aiqfome_service": {
      "value": "https://www.googleapis.com/compute/v1/projects/aiqfome-host-project-dev-0ac5/regions/us-east1/subnetworks/aiqfome-subnet-service-dev",
      "type": "string"
    },
    "subnet_cidr_cluster_range_primary": {
      "value": "module.vpc.subnets[0].name",
      "type": "string"
    },
    "subnet_cidr_cluster_range_secondary_pods": {
      "value": "module.vpc.secondary_ranges.subnet-02[0].range_name",
      "type": "string"
    },
    "subnet_cidr_cluster_range_secondary_services": {
      "value": "module.vpc.secondary_ranges.subnet-01[0].range_name",
      "type": "string"
    },
    "subnet_plusdelivery_application": {
      "value": "https://www.googleapis.com/compute/v1/projects/aiqfome-host-project-dev-0ac5/regions/us-east1/subnetworks/plusdelivery-subnet-application-dev",
      "type": "string"
    },
    "subnet_plusdelivery_service": {
      "value": "plusdelivery-subnet-service-dev",
      "type": "string"
    },
    "vpc_self_link": {
      "value": "https://www.googleapis.com/compute/v1/projects/aiqfome-host-project-dev-0ac5/global/networks/aiqfome-cluster-vpc-dev",
      "type": "string"
    }
  },
  "resources": [
    {
      "mode": "managed",
      "type": "google_compute_network",
      "name": "vpc_network_aiqentrega_dev",
      "provider": "provider[\"registry.terraform.io/hashicorp/google\"]",
      "instances": [
        {
          "schema_version": 0,
          "attributes": {
            "auto_create_subnetworks": false,
            "delete_default_routes_on_create": false,
            "description": "",
            "enable_ula_internal_ipv6": false,
            "gateway_ipv4": "",
            "id": "projects/aiqfome-host-project-dev-0ac5/global/networks/aiqentrega-project-vpc-dev",
            "internal_ipv6_range": "",
            "mtu": 0,
            "name": "aiqentrega-project-vpc-dev",
            "network_firewall_policy_enforcement_order": "AFTER_CLASSIC_FIREWALL",
            "numeric_id": "5962533088146312868",
            "project": "aiqfome-host-project-dev-0ac5",
            "routing_mode": "REGIONAL",
            "self_link": "https://www.googleapis.com/compute/v1/projects/aiqfome-host-project-dev-0ac5/global/networks/aiqentrega-project-vpc-dev",
            "timeouts": null
          },
          "sensitive_attributes": [],
          "private": "eyJlMmJmYjczMC1lY2FhLTExZTYtOGY4OC0zNDM2M2JjN2M0YzAiOnsiY3JlYXRlIjoxMjAwMDAwMDAwMDAwLCJkZWxldGUiOjEyMDAwMDAwMDAwMDAsInVwZGF0ZSI6MTIwMDAwMDAwMDAwMH19"
        }
      ]
    },
    {
      "mode": "managed",
      "type": "google_compute_network",
      "name": "vpc_network_aiqfome_dev",
      "provider": "provider[\"registry.terraform.io/hashicorp/google\"]",
      "instances": [
        {
          "schema_version": 0,
          "attributes": {
            "auto_create_subnetworks": false,
            "delete_default_routes_on_create": false,
            "description": "",
            "enable_ula_internal_ipv6": false,
            "gateway_ipv4": "",
            "id": "projects/aiqfome-host-project-dev-0ac5/global/networks/aiqfome-project-vpc-dev",
            "internal_ipv6_range": "",
            "mtu": 0,
            "name": "aiqfome-project-vpc-dev",
            "network_firewall_policy_enforcement_order": "AFTER_CLASSIC_FIREWALL",
            "numeric_id": "8198778888222494372",
            "project": "aiqfome-host-project-dev-0ac5",
            "routing_mode": "REGIONAL",
            "self_link": "https://www.googleapis.com/compute/v1/projects/aiqfome-host-project-dev-0ac5/global/networks/aiqfome-project-vpc-dev",
            "timeouts": null
          },
          "sensitive_attributes": [],
          "private": "eyJlMmJmYjczMC1lY2FhLTExZTYtOGY4OC0zNDM2M2JjN2M0YzAiOnsiY3JlYXRlIjoxMjAwMDAwMDAwMDAwLCJkZWxldGUiOjEyMDAwMDAwMDAwMDAsInVwZGF0ZSI6MTIwMDAwMDAwMDAwMH19"
        }
      ]
    },
    {
      "mode": "managed",
      "type": "google_compute_network",
      "name": "vpc_network_plusdelivery_dev",
      "provider": "provider[\"registry.terraform.io/hashicorp/google\"]",
      "instances": [
        {
          "schema_version": 0,
          "attributes": {
            "auto_create_subnetworks": false,
            "delete_default_routes_on_create": false,
            "description": "",
            "enable_ula_internal_ipv6": false,
            "gateway_ipv4": "",
            "id": "projects/aiqfome-host-project-dev-0ac5/global/networks/plusdelivery-project-vpc-dev",
            "internal_ipv6_range": "",
            "mtu": 0,
            "name": "plusdelivery-project-vpc-dev",
            "network_firewall_policy_enforcement_order": "AFTER_CLASSIC_FIREWALL",
            "numeric_id": "303692910052331172",
            "project": "aiqfome-host-project-dev-0ac5",
            "routing_mode": "REGIONAL",
            "self_link": "https://www.googleapis.com/compute/v1/projects/aiqfome-host-project-dev-0ac5/global/networks/plusdelivery-project-vpc-dev",
            "timeouts": null
          },
          "sensitive_attributes": [],
          "private": "eyJlMmJmYjczMC1lY2FhLTExZTYtOGY4OC0zNDM2M2JjN2M0YzAiOnsiY3JlYXRlIjoxMjAwMDAwMDAwMDAwLCJkZWxldGUiOjEyMDAwMDAwMDAwMDAsInVwZGF0ZSI6MTIwMDAwMDAwMDAwMH19"
        }
      ]
    },
    {
      "mode": "managed",
      "type": "google_compute_shared_vpc_host_project",
      "name": "shared_vpc_host_project_dev",
      "provider": "provider[\"registry.terraform.io/hashicorp/google\"]",
      "instances": [
        {
          "schema_version": 0,
          "attributes": {
            "id": "aiqfome-host-project-dev-0ac5",
            "project": "aiqfome-host-project-dev-0ac5",
            "timeouts": null
          },
          "sensitive_attributes": [],
          "private": "eyJlMmJmYjczMC1lY2FhLTExZTYtOGY4OC0zNDM2M2JjN2M0YzAiOnsiY3JlYXRlIjoyNDAwMDAwMDAwMDAsImRlbGV0ZSI6MjQwMDAwMDAwMDAwfX0="
        }
      ]
    },
    {
      "mode": "managed",
      "type": "google_compute_shared_vpc_service_project",
      "name": "aiqentrega_service_project_dev",
      "provider": "provider[\"registry.terraform.io/hashicorp/google\"]",
      "instances": [
        {
          "schema_version": 0,
          "attributes": {
            "deletion_policy": null,
            "host_project": "aiqfome-host-project-dev-0ac5",
            "id": "aiqfome-host-project-dev-0ac5/aiqentrega-project-dev-0ac5",
            "service_project": "aiqentrega-project-dev-0ac5",
            "timeouts": null
          },
          "sensitive_attributes": [],
          "private": "eyJlMmJmYjczMC1lY2FhLTExZTYtOGY4OC0zNDM2M2JjN2M0YzAiOnsiY3JlYXRlIjoyNDAwMDAwMDAwMDAsImRlbGV0ZSI6MjQwMDAwMDAwMDAwfX0=",
          "dependencies": [
            "google_compute_network.vpc_network_aiqentrega_dev",
            "google_compute_shared_vpc_host_project.shared_vpc_host_project_dev"
          ]
        }
      ]
    },
    {
      "mode": "managed",
      "type": "google_compute_shared_vpc_service_project",
      "name": "aiqfome_service_project_dev",
      "provider": "provider[\"registry.terraform.io/hashicorp/google\"]",
      "instances": [
        {
          "schema_version": 0,
          "attributes": {
            "deletion_policy": null,
            "host_project": "aiqfome-host-project-dev-0ac5",
            "id": "aiqfome-host-project-dev-0ac5/aiqfome-project-dev-0ac5",
            "service_project": "aiqfome-project-dev-0ac5",
            "timeouts": null
          },
          "sensitive_attributes": [],
          "private": "eyJlMmJmYjczMC1lY2FhLTExZTYtOGY4OC0zNDM2M2JjN2M0YzAiOnsiY3JlYXRlIjoyNDAwMDAwMDAwMDAsImRlbGV0ZSI6MjQwMDAwMDAwMDAwfX0=",
          "dependencies": [
            "google_compute_network.vpc_network_aiqfome_dev",
            "google_compute_shared_vpc_host_project.shared_vpc_host_project_dev"
          ]
        }
      ]
    },
    {
      "mode": "managed",
      "type": "google_compute_shared_vpc_service_project",
      "name": "aiqfome_shared_project",
      "provider": "provider[\"registry.terraform.io/hashicorp/google\"]",
      "instances": [
        {
          "schema_version": 0,
          "attributes": {
            "deletion_policy": null,
            "host_project": "aiqfome-host-project-dev-0ac5",
            "id": "aiqfome-host-project-dev-0ac5/aiqfome-shared-proj-dev-0ac5",
            "service_project": "aiqfome-shared-proj-dev-0ac5",
            "timeouts": null
          },
          "sensitive_attributes": [],
          "private": "eyJlMmJmYjczMC1lY2FhLTExZTYtOGY4OC0zNDM2M2JjN2M0YzAiOnsiY3JlYXRlIjoyNDAwMDAwMDAwMDAsImRlbGV0ZSI6MjQwMDAwMDAwMDAwfX0=",
          "dependencies": [
            "module.vpc.module.firewall_rules.google_compute_firewall.rules",
            "module.vpc.module.firewall_rules.google_compute_firewall.rules_ingress_egress",
            "module.vpc.module.routes.google_compute_route.route",
            "module.vpc.module.subnets.google_compute_subnetwork.subnetwork",
            "module.vpc.module.vpc.google_compute_network.network",
            "module.vpc.module.vpc.google_compute_shared_vpc_host_project.shared_vpc_host"
          ]
        }
      ]
    },
    {
      "mode": "managed",
      "type": "google_compute_shared_vpc_service_project",
      "name": "plusdelivery_service_project_dev",
      "provider": "provider[\"registry.terraform.io/hashicorp/google\"]",
      "instances": [
        {
          "schema_version": 0,
          "attributes": {
            "deletion_policy": null,
            "host_project": "aiqfome-host-project-dev-0ac5",
            "id": "aiqfome-host-project-dev-0ac5/plusdelivery-project-dev-0ac5",
            "service_project": "plusdelivery-project-dev-0ac5",
            "timeouts": null
          },
          "sensitive_attributes": [],
          "private": "eyJlMmJmYjczMC1lY2FhLTExZTYtOGY4OC0zNDM2M2JjN2M0YzAiOnsiY3JlYXRlIjoyNDAwMDAwMDAwMDAsImRlbGV0ZSI6MjQwMDAwMDAwMDAwfX0=",
          "dependencies": [
            "google_compute_network.vpc_network_plusdelivery_dev",
            "google_compute_shared_vpc_host_project.shared_vpc_host_project_dev"
          ]
        }
      ]
    },
    {
      "mode": "managed",
      "type": "google_compute_subnetwork",
      "name": "subnet_aiqfome_application_dev",
      "provider": "provider[\"registry.terraform.io/hashicorp/google\"]",
      "instances": [
        {
          "schema_version": 0,
          "attributes": {
            "creation_timestamp": "2024-09-01T15:53:10.682-07:00",
            "description": "",
            "external_ipv6_prefix": "",
            "fingerprint": null,
            "gateway_address": "10.65.16.1",
            "id": "projects/aiqfome-host-project-dev-0ac5/regions/us-east1/subnetworks/aiqfome-subnet-application-dev",
            "internal_ipv6_prefix": "",
            "ip_cidr_range": "10.65.16.0/20",
            "ipv6_access_type": "",
            "ipv6_cidr_range": "",
            "log_config": [],
            "name": "aiqfome-subnet-application-dev",
            "network": "https://www.googleapis.com/compute/v1/projects/aiqfome-host-project-dev-0ac5/global/networks/aiqfome-project-vpc-dev",
            "private_ip_google_access": false,
            "private_ipv6_google_access": "DISABLE_GOOGLE_ACCESS",
            "project": "aiqfome-host-project-dev-0ac5",
            "purpose": "PRIVATE",
            "region": "us-east1",
            "role": "",
            "secondary_ip_range": [],
            "self_link": "https://www.googleapis.com/compute/v1/projects/aiqfome-host-project-dev-0ac5/regions/us-east1/subnetworks/aiqfome-subnet-application-dev",
            "send_secondary_ip_range_if_empty": null,
            "stack_type": "IPV4_ONLY",
            "timeouts": null
          },
          "sensitive_attributes": [],
          "private": "eyJlMmJmYjczMC1lY2FhLTExZTYtOGY4OC0zNDM2M2JjN2M0YzAiOnsiY3JlYXRlIjoxMjAwMDAwMDAwMDAwLCJkZWxldGUiOjEyMDAwMDAwMDAwMDAsInVwZGF0ZSI6MTIwMDAwMDAwMDAwMH19",
          "dependencies": [
            "google_compute_network.vpc_network_aiqfome_dev"
          ]
        }
      ]
    },
    {
      "mode": "managed",
      "type": "google_compute_subnetwork",
      "name": "subnet_aiqfome_services_dev",
      "provider": "provider[\"registry.terraform.io/hashicorp/google\"]",
      "instances": [
        {
          "schema_version": 0,
          "attributes": {
            "creation_timestamp": "2024-09-01T15:53:10.738-07:00",
            "description": "",
            "external_ipv6_prefix": "",
            "fingerprint": null,
            "gateway_address": "10.65.0.1",
            "id": "projects/aiqfome-host-project-dev-0ac5/regions/us-east1/subnetworks/aiqfome-subnet-service-dev",
            "internal_ipv6_prefix": "",
            "ip_cidr_range": "10.65.0.0/20",
            "ipv6_access_type": "",
            "ipv6_cidr_range": "",
            "log_config": [],
            "name": "aiqfome-subnet-service-dev",
            "network": "https://www.googleapis.com/compute/v1/projects/aiqfome-host-project-dev-0ac5/global/networks/aiqfome-project-vpc-dev",
            "private_ip_google_access": false,
            "private_ipv6_google_access": "DISABLE_GOOGLE_ACCESS",
            "project": "aiqfome-host-project-dev-0ac5",
            "purpose": "PRIVATE",
            "region": "us-east1",
            "role": "",
            "secondary_ip_range": [],
            "self_link": "https://www.googleapis.com/compute/v1/projects/aiqfome-host-project-dev-0ac5/regions/us-east1/subnetworks/aiqfome-subnet-service-dev",
            "send_secondary_ip_range_if_empty": null,
            "stack_type": "IPV4_ONLY",
            "timeouts": null
          },
          "sensitive_attributes": [],
          "private": "eyJlMmJmYjczMC1lY2FhLTExZTYtOGY4OC0zNDM2M2JjN2M0YzAiOnsiY3JlYXRlIjoxMjAwMDAwMDAwMDAwLCJkZWxldGUiOjEyMDAwMDAwMDAwMDAsInVwZGF0ZSI6MTIwMDAwMDAwMDAwMH19",
          "dependencies": [
            "google_compute_network.vpc_network_aiqfome_dev"
          ]
        }
      ]
    },
    {
      "mode": "managed",
      "type": "google_compute_subnetwork",
      "name": "vpc_subnet_aiqentrega_application_dev",
      "provider": "provider[\"registry.terraform.io/hashicorp/google\"]",
      "instances": [
        {
          "schema_version": 0,
          "attributes": {
            "creation_timestamp": "2024-09-01T15:53:10.688-07:00",
            "description": "",
            "external_ipv6_prefix": "",
            "fingerprint": null,
            "gateway_address": "10.66.16.1",
            "id": "projects/aiqfome-host-project-dev-0ac5/regions/us-east1/subnetworks/aiqentrega-subnet-application-dev",
            "internal_ipv6_prefix": "",
            "ip_cidr_range": "10.66.16.0/20",
            "ipv6_access_type": "",
            "ipv6_cidr_range": "",
            "log_config": [],
            "name": "aiqentrega-subnet-application-dev",
            "network": "https://www.googleapis.com/compute/v1/projects/aiqfome-host-project-dev-0ac5/global/networks/aiqentrega-project-vpc-dev",
            "private_ip_google_access": false,
            "private_ipv6_google_access": "DISABLE_GOOGLE_ACCESS",
            "project": "aiqfome-host-project-dev-0ac5",
            "purpose": "PRIVATE",
            "region": "us-east1",
            "role": "",
            "secondary_ip_range": [],
            "self_link": "https://www.googleapis.com/compute/v1/projects/aiqfome-host-project-dev-0ac5/regions/us-east1/subnetworks/aiqentrega-subnet-application-dev",
            "send_secondary_ip_range_if_empty": null,
            "stack_type": "IPV4_ONLY",
            "timeouts": null
          },
          "sensitive_attributes": [],
          "private": "eyJlMmJmYjczMC1lY2FhLTExZTYtOGY4OC0zNDM2M2JjN2M0YzAiOnsiY3JlYXRlIjoxMjAwMDAwMDAwMDAwLCJkZWxldGUiOjEyMDAwMDAwMDAwMDAsInVwZGF0ZSI6MTIwMDAwMDAwMDAwMH19",
          "dependencies": [
            "google_compute_network.vpc_network_aiqentrega_dev"
          ]
        }
      ]
    },
    {
      "mode": "managed",
      "type": "google_compute_subnetwork",
      "name": "vpc_subnet_aiqentrega_services_dev",
      "provider": "provider[\"registry.terraform.io/hashicorp/google\"]",
      "instances": [
        {
          "schema_version": 0,
          "attributes": {
            "creation_timestamp": "2024-09-01T15:53:10.634-07:00",
            "description": "",
            "external_ipv6_prefix": "",
            "fingerprint": null,
            "gateway_address": "10.66.0.1",
            "id": "projects/aiqfome-host-project-dev-0ac5/regions/us-east1/subnetworks/aiqentrega-subnet-service-dev",
            "internal_ipv6_prefix": "",
            "ip_cidr_range": "10.66.0.0/20",
            "ipv6_access_type": "",
            "ipv6_cidr_range": "",
            "log_config": [],
            "name": "aiqentrega-subnet-service-dev",
            "network": "https://www.googleapis.com/compute/v1/projects/aiqfome-host-project-dev-0ac5/global/networks/aiqentrega-project-vpc-dev",
            "private_ip_google_access": false,
            "private_ipv6_google_access": "DISABLE_GOOGLE_ACCESS",
            "project": "aiqfome-host-project-dev-0ac5",
            "purpose": "PRIVATE",
            "region": "us-east1",
            "role": "",
            "secondary_ip_range": [],
            "self_link": "https://www.googleapis.com/compute/v1/projects/aiqfome-host-project-dev-0ac5/regions/us-east1/subnetworks/aiqentrega-subnet-service-dev",
            "send_secondary_ip_range_if_empty": null,
            "stack_type": "IPV4_ONLY",
            "timeouts": null
          },
          "sensitive_attributes": [],
          "private": "eyJlMmJmYjczMC1lY2FhLTExZTYtOGY4OC0zNDM2M2JjN2M0YzAiOnsiY3JlYXRlIjoxMjAwMDAwMDAwMDAwLCJkZWxldGUiOjEyMDAwMDAwMDAwMDAsInVwZGF0ZSI6MTIwMDAwMDAwMDAwMH19",
          "dependencies": [
            "google_compute_network.vpc_network_aiqentrega_dev"
          ]
        }
      ]
    },
    {
      "mode": "managed",
      "type": "google_compute_subnetwork",
      "name": "vpc_subnet_plusdelivery_application_dev",
      "provider": "provider[\"registry.terraform.io/hashicorp/google\"]",
      "instances": [
        {
          "schema_version": 0,
          "attributes": {
            "creation_timestamp": "2024-09-01T15:53:10.433-07:00",
            "description": "",
            "external_ipv6_prefix": "",
            "fingerprint": null,
            "gateway_address": "10.67.16.1",
            "id": "projects/aiqfome-host-project-dev-0ac5/regions/us-east1/subnetworks/plusdelivery-subnet-application-dev",
            "internal_ipv6_prefix": "",
            "ip_cidr_range": "10.67.16.0/20",
            "ipv6_access_type": "",
            "ipv6_cidr_range": "",
            "log_config": [],
            "name": "plusdelivery-subnet-application-dev",
            "network": "https://www.googleapis.com/compute/v1/projects/aiqfome-host-project-dev-0ac5/global/networks/plusdelivery-project-vpc-dev",
            "private_ip_google_access": false,
            "private_ipv6_google_access": "DISABLE_GOOGLE_ACCESS",
            "project": "aiqfome-host-project-dev-0ac5",
            "purpose": "PRIVATE",
            "region": "us-east1",
            "role": "",
            "secondary_ip_range": [],
            "self_link": "https://www.googleapis.com/compute/v1/projects/aiqfome-host-project-dev-0ac5/regions/us-east1/subnetworks/plusdelivery-subnet-application-dev",
            "send_secondary_ip_range_if_empty": null,
            "stack_type": "IPV4_ONLY",
            "timeouts": null
          },
          "sensitive_attributes": [],
          "private": "eyJlMmJmYjczMC1lY2FhLTExZTYtOGY4OC0zNDM2M2JjN2M0YzAiOnsiY3JlYXRlIjoxMjAwMDAwMDAwMDAwLCJkZWxldGUiOjEyMDAwMDAwMDAwMDAsInVwZGF0ZSI6MTIwMDAwMDAwMDAwMH19",
          "dependencies": [
            "google_compute_network.vpc_network_plusdelivery_dev"
          ]
        }
      ]
    },
    {
      "mode": "managed",
      "type": "google_compute_subnetwork",
      "name": "vpc_subnet_plusdelivery_services_dev",
      "provider": "provider[\"registry.terraform.io/hashicorp/google\"]",
      "instances": [
        {
          "schema_version": 0,
          "attributes": {
            "creation_timestamp": "2024-09-01T15:53:10.917-07:00",
            "description": "",
            "external_ipv6_prefix": "",
            "fingerprint": null,
            "gateway_address": "10.67.0.1",
            "id": "projects/aiqfome-host-project-dev-0ac5/regions/us-east1/subnetworks/plusdelivery-subnet-service-dev",
            "internal_ipv6_prefix": "",
            "ip_cidr_range": "10.67.0.0/20",
            "ipv6_access_type": "",
            "ipv6_cidr_range": "",
            "log_config": [],
            "name": "plusdelivery-subnet-service-dev",
            "network": "https://www.googleapis.com/compute/v1/projects/aiqfome-host-project-dev-0ac5/global/networks/plusdelivery-project-vpc-dev",
            "private_ip_google_access": false,
            "private_ipv6_google_access": "DISABLE_GOOGLE_ACCESS",
            "project": "aiqfome-host-project-dev-0ac5",
            "purpose": "PRIVATE",
            "region": "us-east1",
            "role": "",
            "secondary_ip_range": [],
            "self_link": "https://www.googleapis.com/compute/v1/projects/aiqfome-host-project-dev-0ac5/regions/us-east1/subnetworks/plusdelivery-subnet-service-dev",
            "send_secondary_ip_range_if_empty": null,
            "stack_type": "IPV4_ONLY",
            "timeouts": null
          },
          "sensitive_attributes": [],
          "private": "eyJlMmJmYjczMC1lY2FhLTExZTYtOGY4OC0zNDM2M2JjN2M0YzAiOnsiY3JlYXRlIjoxMjAwMDAwMDAwMDAwLCJkZWxldGUiOjEyMDAwMDAwMDAwMDAsInVwZGF0ZSI6MTIwMDAwMDAwMDAwMH19",
          "dependencies": [
            "google_compute_network.vpc_network_plusdelivery_dev"
          ]
        }
      ]
    },
    {
      "mode": "managed",
      "type": "local_file",
      "name": "export_network",
      "provider": "provider[\"registry.terraform.io/hashicorp/local\"]",
      "instances": [
        {
          "schema_version": 0,
          "attributes": {
            "content": "{\"aiqentrega_vpc_self_link\":\"https://www.googleapis.com/compute/v1/projects/aiqfome-host-project-dev-0ac5/global/networks/aiqentrega-project-vpc-dev\",\"aiqfome_vpc_self_link\":\"https://www.googleapis.com/compute/v1/projects/aiqfome-host-project-dev-0ac5/global/networks/aiqfome-project-vpc-dev\",\"plusdelivery_vpc_self_link\":\"https://www.googleapis.com/compute/v1/projects/aiqfome-host-project-dev-0ac5/global/networks/plusdelivery-project-vpc-dev\"}",
            "content_base64": null,
            "content_base64sha256": "TmMSrj1OT7RQQJUb7pChi6UHXV1NukuFrXEBC0qYV+Q=",
            "content_base64sha512": "DOuyKf536OpBL/u2EDUTRYdbiAwhKYCMTRevFYsnWjXtz2c3O27OhdJ+Qfj4OzA9FLmh+F9cKtnsMXhW1NyRNg==",
            "content_md5": "cb015a51ff7db8f95edc5ed00aeda478",
            "content_sha1": "1d3fb88d4e72afefe695e8bb1b0495484dd42b96",
            "content_sha256": "4e6312ae3d4e4fb45040951bee90a18ba5075d5d4dba4b85ad71010b4a9857e4",
            "content_sha512": "0cebb229fe77e8ea412ffbb610351345875b880c2129808c4d17af158b275a35edcf67373b6ece85d27e41f8f83b303d14b9a1f85f5c2ad9ec317856d4dc9136",
            "directory_permission": "0777",
            "file_permission": "0777",
            "filename": "../local/shared_vpcs.json",
            "id": "1d3fb88d4e72afefe695e8bb1b0495484dd42b96",
            "sensitive_content": null,
            "source": null
          },
          "sensitive_attributes": [],
          "dependencies": [
            "google_compute_network.vpc_network_aiqentrega_dev",
            "google_compute_network.vpc_network_aiqfome_dev",
            "google_compute_network.vpc_network_plusdelivery_dev"
          ]
        }
      ]
    },
    {
      "mode": "managed",
      "type": "local_file",
      "name": "export_subnet",
      "provider": "provider[\"registry.terraform.io/hashicorp/local\"]",
      "instances": [
        {
          "schema_version": 0,
          "attributes": {
            "content": "{\"subnet_aiqentrega_application\":\"https://www.googleapis.com/compute/v1/projects/aiqfome-host-project-dev-0ac5/regions/us-east1/subnetworks/aiqentrega-subnet-application-dev\",\"subnet_aiqentrega_service\":\"https://www.googleapis.com/compute/v1/projects/aiqfome-host-project-dev-0ac5/regions/us-east1/subnetworks/aiqentrega-subnet-service-dev\",\"subnet_aiqfome_application\":\"https://www.googleapis.com/compute/v1/projects/aiqfome-host-project-dev-0ac5/regions/us-east1/subnetworks/aiqfome-subnet-application-dev\",\"subnet_aiqfome_service\":\"https://www.googleapis.com/compute/v1/projects/aiqfome-host-project-dev-0ac5/regions/us-east1/subnetworks/aiqfome-subnet-service-dev\",\"subnet_plusdelivery_application\":\"https://www.googleapis.com/compute/v1/projects/aiqfome-host-project-dev-0ac5/regions/us-east1/subnetworks/plusdelivery-subnet-application-dev\",\"subnet_plusdelivery_service\":\"https://www.googleapis.com/compute/v1/projects/aiqfome-host-project-dev-0ac5/regions/us-east1/subnetworks/plusdelivery-subnet-service-dev\"}",
            "content_base64": null,
            "content_base64sha256": "RpTul/k1sByjIaEbP4o33H+MehJYWLnhnHghgQSssgo=",
            "content_base64sha512": "us9cscgC4taCpFsrBD0nHtGDFXF934MqNO63ismy1vXc6dbebAv1Jp4cnpxfnZigmSGdYAd3KaxC1NiWAAlR0w==",
            "content_md5": "f0ec6d0892d1107a47b914cc74b071eb",
            "content_sha1": "2c905c1558a4810daaec72ad0b69269c007b90d5",
            "content_sha256": "4694ee97f935b01ca321a11b3f8a37dc7f8c7a125858b9e19c78218104acb20a",
            "content_sha512": "bacf5cb1c802e2d682a45b2b043d271ed18315717ddf832a34eeb78ac9b2d6f5dce9d6de6c0bf5269e1c9e9c5f9d98a099219d60077729ac42d4d896000951d3",
            "directory_permission": "0777",
            "file_permission": "0777",
            "filename": "../local/subnet.json",
            "id": "2c905c1558a4810daaec72ad0b69269c007b90d5",
            "sensitive_content": null,
            "source": null
          },
          "sensitive_attributes": [],
          "dependencies": [
            "google_compute_network.vpc_network_aiqentrega_dev",
            "google_compute_network.vpc_network_aiqfome_dev",
            "google_compute_network.vpc_network_plusdelivery_dev",
            "google_compute_subnetwork.subnet_aiqfome_application_dev",
            "google_compute_subnetwork.subnet_aiqfome_services_dev",
            "google_compute_subnetwork.vpc_subnet_aiqentrega_application_dev",
            "google_compute_subnetwork.vpc_subnet_aiqentrega_services_dev",
            "google_compute_subnetwork.vpc_subnet_plusdelivery_application_dev",
            "google_compute_subnetwork.vpc_subnet_plusdelivery_services_dev"
          ]
        }
      ]
    },
    {
      "mode": "managed",
      "type": "local_file",
      "name": "vpc",
      "provider": "provider[\"registry.terraform.io/hashicorp/local\"]",
      "instances": [
        {
          "schema_version": 0,
          "attributes": {
            "content": "{\"network\":{\"network\":{\"auto_create_subnetworks\":false,\"delete_default_routes_on_create\":false,\"description\":\"\",\"enable_ula_internal_ipv6\":false,\"gateway_ipv4\":\"\",\"id\":\"projects/aiqfome-host-project-dev-0ac5/global/networks/aiqfome-cluster-vpc-dev\",\"internal_ipv6_range\":\"\",\"mtu\":0,\"name\":\"aiqfome-cluster-vpc-dev\",\"network_firewall_policy_enforcement_order\":\"AFTER_CLASSIC_FIREWALL\",\"numeric_id\":\"227784018840080036\",\"project\":\"aiqfome-host-project-dev-0ac5\",\"routing_mode\":\"GLOBAL\",\"self_link\":\"https://www.googleapis.com/compute/v1/projects/aiqfome-host-project-dev-0ac5/global/networks/aiqfome-cluster-vpc-dev\",\"timeouts\":null},\"network_id\":\"projects/aiqfome-host-project-dev-0ac5/global/networks/aiqfome-cluster-vpc-dev\",\"network_name\":\"aiqfome-cluster-vpc-dev\",\"network_self_link\":\"https://www.googleapis.com/compute/v1/projects/aiqfome-host-project-dev-0ac5/global/networks/aiqfome-cluster-vpc-dev\",\"project_id\":\"aiqfome-host-project-dev-0ac5\"},\"network_id\":\"projects/aiqfome-host-project-dev-0ac5/global/networks/aiqfome-cluster-vpc-dev\",\"network_name\":\"aiqfome-cluster-vpc-dev\",\"network_self_link\":\"https://www.googleapis.com/compute/v1/projects/aiqfome-host-project-dev-0ac5/global/networks/aiqfome-cluster-vpc-dev\",\"project_id\":\"aiqfome-host-project-dev-0ac5\",\"route_names\":[\"egress-internet\"],\"subnets\":{\"us-east1/aiqfome-cluster-vpc-subnet-dev\":{\"creation_timestamp\":\"2024-09-01T15:53:10.895-07:00\",\"description\":\"\",\"external_ipv6_prefix\":\"\",\"fingerprint\":null,\"gateway_address\":\"10.64.0.1\",\"id\":\"projects/aiqfome-host-project-dev-0ac5/regions/us-east1/subnetworks/aiqfome-cluster-vpc-subnet-dev\",\"internal_ipv6_prefix\":\"\",\"ip_cidr_range\":\"10.64.0.0/20\",\"ipv6_access_type\":\"\",\"ipv6_cidr_range\":\"\",\"log_config\":[],\"name\":\"aiqfome-cluster-vpc-subnet-dev\",\"network\":\"https://www.googleapis.com/compute/v1/projects/aiqfome-host-project-dev-0ac5/global/networks/aiqfome-cluster-vpc-dev\",\"private_ip_google_access\":false,\"private_ipv6_google_access\":\"DISABLE_GOOGLE_ACCESS\",\"project\":\"aiqfome-host-project-dev-0ac5\",\"purpose\":\"PRIVATE\",\"region\":\"us-east1\",\"role\":\"\",\"secondary_ip_range\":[{\"ip_cidr_range\":\"172.17.0.0/17\",\"range_name\":\"services-range\"},{\"ip_cidr_range\":\"172.16.0.0/17\",\"range_name\":\"pod-ranges\"}],\"self_link\":\"https://www.googleapis.com/compute/v1/projects/aiqfome-host-project-dev-0ac5/regions/us-east1/subnetworks/aiqfome-cluster-vpc-subnet-dev\",\"send_secondary_ip_range_if_empty\":null,\"stack_type\":\"IPV4_ONLY\",\"timeouts\":null}},\"subnets_flow_logs\":[false],\"subnets_ids\":[\"projects/aiqfome-host-project-dev-0ac5/regions/us-east1/subnetworks/aiqfome-cluster-vpc-subnet-dev\"],\"subnets_ips\":[\"10.64.0.0/20\"],\"subnets_names\":[\"aiqfome-cluster-vpc-subnet-dev\"],\"subnets_private_access\":[false],\"subnets_regions\":[\"us-east1\"],\"subnets_secondary_ranges\":[[{\"ip_cidr_range\":\"172.17.0.0/17\",\"range_name\":\"services-range\"},{\"ip_cidr_range\":\"172.16.0.0/17\",\"range_name\":\"pod-ranges\"}]],\"subnets_self_links\":[\"https://www.googleapis.com/compute/v1/projects/aiqfome-host-project-dev-0ac5/regions/us-east1/subnetworks/aiqfome-cluster-vpc-subnet-dev\"]}",
            "content_base64": null,
            "content_base64sha256": "QLk4HD5pGCdfKZcnBn3fLOfoO9JXU6Piou1qQ2YUj0g=",
            "content_base64sha512": "hOvlPV0hWxfTUH95y/QaZVx1Z5PlNHq9Sr7CtVSliDSx6rLONMxonDZNNn1MNdrwdZ5+XlbxzJIFEXwe+Q56cA==",
            "content_md5": "193cb80d5ca431d85a5f897f472afea7",
            "content_sha1": "dba5d34559341662246baceca3666d2563664007",
            "content_sha256": "40b9381c3e6918275f299727067ddf2ce7e83bd25753a3e2a2ed6a4366148f48",
            "content_sha512": "84ebe53d5d215b17d3507f79cbf41a655c756793e5347abd4abec2b554a58834b1eab2ce34cc689c364d367d4c35daf0759e7e5e56f1cc9205117c1ef90e7a70",
            "directory_permission": "0777",
            "file_permission": "0777",
            "filename": "../local/gke_vpc.json",
            "id": "dba5d34559341662246baceca3666d2563664007",
            "sensitive_content": null,
            "source": null
          },
          "sensitive_attributes": [],
          "dependencies": [
            "module.vpc.module.firewall_rules.google_compute_firewall.rules",
            "module.vpc.module.firewall_rules.google_compute_firewall.rules_ingress_egress",
            "module.vpc.module.routes.google_compute_route.route",
            "module.vpc.module.subnets.google_compute_subnetwork.subnetwork",
            "module.vpc.module.vpc.google_compute_network.network",
            "module.vpc.module.vpc.google_compute_shared_vpc_host_project.shared_vpc_host"
          ]
        }
      ]
    },
    {
      "module": "module.vpc.module.routes",
      "mode": "managed",
      "type": "google_compute_route",
      "name": "route",
      "provider": "provider[\"registry.terraform.io/hashicorp/google\"]",
      "instances": [
        {
          "index_key": "egress-internet",
          "schema_version": 0,
          "attributes": {
            "description": "route through IGW to access internet",
            "dest_range": "0.0.0.0/0",
            "id": "projects/aiqfome-host-project-dev-0ac5/global/routes/egress-internet",
            "name": "egress-internet",
            "network": "https://www.googleapis.com/compute/v1/projects/aiqfome-host-project-dev-0ac5/global/networks/aiqfome-cluster-vpc-dev",
            "next_hop_gateway": "https://www.googleapis.com/compute/v1/projects/aiqfome-host-project-dev-0ac5/global/gateways/default-internet-gateway",
            "next_hop_ilb": "",
            "next_hop_instance": "",
            "next_hop_instance_zone": null,
            "next_hop_ip": "",
            "next_hop_network": "",
            "next_hop_vpn_tunnel": "",
            "priority": 1000,
            "project": "aiqfome-host-project-dev-0ac5",
            "self_link": "https://www.googleapis.com/compute/v1/projects/aiqfome-host-project-dev-0ac5/global/routes/egress-internet",
            "tags": [
              "egress-inet"
            ],
            "timeouts": null
          },
          "sensitive_attributes": [],
          "private": "eyJlMmJmYjczMC1lY2FhLTExZTYtOGY4OC0zNDM2M2JjN2M0YzAiOnsiY3JlYXRlIjoxMjAwMDAwMDAwMDAwLCJkZWxldGUiOjEyMDAwMDAwMDAwMDB9fQ==",
          "dependencies": [
            "module.vpc.module.subnets.google_compute_subnetwork.subnetwork",
            "module.vpc.module.vpc.google_compute_network.network"
          ]
        }
      ]
    },
    {
      "module": "module.vpc.module.subnets",
      "mode": "managed",
      "type": "google_compute_subnetwork",
      "name": "subnetwork",
      "provider": "provider[\"registry.terraform.io/hashicorp/google\"]",
      "instances": [
        {
          "index_key": "us-east1/aiqfome-cluster-vpc-subnet-dev",
          "schema_version": 0,
          "attributes": {
            "creation_timestamp": "2024-09-01T15:53:10.895-07:00",
            "description": "",
            "external_ipv6_prefix": "",
            "fingerprint": null,
            "gateway_address": "10.64.0.1",
            "id": "projects/aiqfome-host-project-dev-0ac5/regions/us-east1/subnetworks/aiqfome-cluster-vpc-subnet-dev",
            "internal_ipv6_prefix": "",
            "ip_cidr_range": "10.64.0.0/20",
            "ipv6_access_type": "",
            "ipv6_cidr_range": "",
            "log_config": [],
            "name": "aiqfome-cluster-vpc-subnet-dev",
            "network": "https://www.googleapis.com/compute/v1/projects/aiqfome-host-project-dev-0ac5/global/networks/aiqfome-cluster-vpc-dev",
            "private_ip_google_access": false,
            "private_ipv6_google_access": "DISABLE_GOOGLE_ACCESS",
            "project": "aiqfome-host-project-dev-0ac5",
            "purpose": "PRIVATE",
            "region": "us-east1",
            "role": "",
            "secondary_ip_range": [
              {
                "ip_cidr_range": "172.17.0.0/17",
                "range_name": "services-range"
              },
              {
                "ip_cidr_range": "172.16.0.0/17",
                "range_name": "pod-ranges"
              }
            ],
            "self_link": "https://www.googleapis.com/compute/v1/projects/aiqfome-host-project-dev-0ac5/regions/us-east1/subnetworks/aiqfome-cluster-vpc-subnet-dev",
            "send_secondary_ip_range_if_empty": null,
            "stack_type": "IPV4_ONLY",
            "timeouts": null
          },
          "sensitive_attributes": [],
          "private": "eyJlMmJmYjczMC1lY2FhLTExZTYtOGY4OC0zNDM2M2JjN2M0YzAiOnsiY3JlYXRlIjoxMjAwMDAwMDAwMDAwLCJkZWxldGUiOjEyMDAwMDAwMDAwMDAsInVwZGF0ZSI6MTIwMDAwMDAwMDAwMH19",
          "dependencies": [
            "module.vpc.module.vpc.google_compute_network.network"
          ]
        }
      ]
    },
    {
      "module": "module.vpc.module.vpc",
      "mode": "managed",
      "type": "google_compute_network",
      "name": "network",
      "provider": "provider[\"registry.terraform.io/hashicorp/google\"]",
      "instances": [
        {
          "schema_version": 0,
          "attributes": {
            "auto_create_subnetworks": false,
            "delete_default_routes_on_create": false,
            "description": "",
            "enable_ula_internal_ipv6": false,
            "gateway_ipv4": "",
            "id": "projects/aiqfome-host-project-dev-0ac5/global/networks/aiqfome-cluster-vpc-dev",
            "internal_ipv6_range": "",
            "mtu": 0,
            "name": "aiqfome-cluster-vpc-dev",
            "network_firewall_policy_enforcement_order": "AFTER_CLASSIC_FIREWALL",
            "numeric_id": "227784018840080036",
            "project": "aiqfome-host-project-dev-0ac5",
            "routing_mode": "GLOBAL",
            "self_link": "https://www.googleapis.com/compute/v1/projects/aiqfome-host-project-dev-0ac5/global/networks/aiqfome-cluster-vpc-dev",
            "timeouts": null
          },
          "sensitive_attributes": [],
          "private": "eyJlMmJmYjczMC1lY2FhLTExZTYtOGY4OC0zNDM2M2JjN2M0YzAiOnsiY3JlYXRlIjoxMjAwMDAwMDAwMDAwLCJkZWxldGUiOjEyMDAwMDAwMDAwMDAsInVwZGF0ZSI6MTIwMDAwMDAwMDAwMH19"
        }
      ]
    }
  ],
  "check_results": null
}
