{
  "version": 4,
  "terraform_version": "1.9.3",
  "serial": 169,
  "lineage": "b1ab148d-8c98-531a-86f3-4e065c7b5ff6",
  "outputs": {
    "aiqentrega-vpc-network": {
      "value": "https://www.googleapis.com/compute/v1/projects/aiqfome-host-project-dev-0ac5/global/networks/aiqentrega-project-vpc-dev",
      "type": "string"
    },
    "aiqfome-vpc-network": {
      "value": "https://www.googleapis.com/compute/v1/projects/aiqfome-host-project-dev-0ac5/global/networks/aiqfome-project-vpc-dev",
      "type": "string"
    },
    "plusdelivery-vpc-network": {
      "value": "https://www.googleapis.com/compute/v1/projects/aiqfome-host-project-dev-0ac5/global/networks/plusdelivery-project-vpc-dev",
      "type": "string"
    },
    "subnet_aiqentrega_application": {
      "value": "https://www.googleapis.com/compute/v1/projects/aiqfome-host-project-dev-0ac5/regions/us-central1/subnetworks/aiqentrega-subnet-application-dev",
      "type": "string"
    },
    "subnet_aiqentrega_service": {
      "value": "aiqentrega-subnet-service-dev",
      "type": "string"
    },
    "subnet_aiqfome_application": {
      "value": "https://www.googleapis.com/compute/v1/projects/aiqfome-host-project-dev-0ac5/regions/us-central1/subnetworks/aiqfome-subnet-application-dev",
      "type": "string"
    },
    "subnet_aiqfome_service": {
      "value": "https://www.googleapis.com/compute/v1/projects/aiqfome-host-project-dev-0ac5/regions/us-central1/subnetworks/aiqfome-subnet-service-dev",
      "type": "string"
    },
    "subnet_plusdelivery_application": {
      "value": "https://www.googleapis.com/compute/v1/projects/aiqfome-host-project-dev-0ac5/regions/us-central1/subnetworks/plusdelivery-subnet-application-dev",
      "type": "string"
    },
    "subnet_plusdelivery_service": {
      "value": "plusdelivery-subnet-service-dev",
      "type": "string"
    }
  },
  "resources": [
    {
      "mode": "managed",
      "type": "google_compute_network",
      "name": "vpc_network_aiqentrega_dev",
      "provider": "provider[\"registry.terraform.io/hashicorp/google\"]",
      "instances": [
        {
          "schema_version": 0,
          "attributes": {
            "auto_create_subnetworks": false,
            "delete_default_routes_on_create": false,
            "description": "",
            "enable_ula_internal_ipv6": false,
            "gateway_ipv4": "",
            "id": "projects/aiqfome-host-project-dev-0ac5/global/networks/aiqentrega-project-vpc-dev",
            "internal_ipv6_range": "",
            "mtu": 0,
            "name": "aiqentrega-project-vpc-dev",
            "network_firewall_policy_enforcement_order": "AFTER_CLASSIC_FIREWALL",
            "numeric_id": "3911323464253356213",
            "project": "aiqfome-host-project-dev-0ac5",
            "routing_mode": "REGIONAL",
            "self_link": "https://www.googleapis.com/compute/v1/projects/aiqfome-host-project-dev-0ac5/global/networks/aiqentrega-project-vpc-dev",
            "timeouts": null
          },
          "sensitive_attributes": [],
          "private": "eyJlMmJmYjczMC1lY2FhLTExZTYtOGY4OC0zNDM2M2JjN2M0YzAiOnsiY3JlYXRlIjoxMjAwMDAwMDAwMDAwLCJkZWxldGUiOjEyMDAwMDAwMDAwMDAsInVwZGF0ZSI6MTIwMDAwMDAwMDAwMH19"
        }
      ]
    },
    {
      "mode": "managed",
      "type": "google_compute_network",
      "name": "vpc_network_aiqfome_dev",
      "provider": "provider[\"registry.terraform.io/hashicorp/google\"]",
      "instances": [
        {
          "schema_version": 0,
          "attributes": {
            "auto_create_subnetworks": false,
            "delete_default_routes_on_create": false,
            "description": "",
            "enable_ula_internal_ipv6": false,
            "gateway_ipv4": "",
            "id": "projects/aiqfome-host-project-dev-0ac5/global/networks/aiqfome-project-vpc-dev",
            "internal_ipv6_range": "",
            "mtu": 0,
            "name": "aiqfome-project-vpc-dev",
            "network_firewall_policy_enforcement_order": "AFTER_CLASSIC_FIREWALL",
            "numeric_id": "2040521622346578101",
            "project": "aiqfome-host-project-dev-0ac5",
            "routing_mode": "REGIONAL",
            "self_link": "https://www.googleapis.com/compute/v1/projects/aiqfome-host-project-dev-0ac5/global/networks/aiqfome-project-vpc-dev",
            "timeouts": null
          },
          "sensitive_attributes": [],
          "private": "eyJlMmJmYjczMC1lY2FhLTExZTYtOGY4OC0zNDM2M2JjN2M0YzAiOnsiY3JlYXRlIjoxMjAwMDAwMDAwMDAwLCJkZWxldGUiOjEyMDAwMDAwMDAwMDAsInVwZGF0ZSI6MTIwMDAwMDAwMDAwMH19"
        }
      ]
    },
    {
      "mode": "managed",
      "type": "google_compute_network",
      "name": "vpc_network_plusdelivery_dev",
      "provider": "provider[\"registry.terraform.io/hashicorp/google\"]",
      "instances": [
        {
          "schema_version": 0,
          "attributes": {
            "auto_create_subnetworks": false,
            "delete_default_routes_on_create": false,
            "description": "",
            "enable_ula_internal_ipv6": false,
            "gateway_ipv4": "",
            "id": "projects/aiqfome-host-project-dev-0ac5/global/networks/plusdelivery-project-vpc-dev",
            "internal_ipv6_range": "",
            "mtu": 0,
            "name": "plusdelivery-project-vpc-dev",
            "network_firewall_policy_enforcement_order": "AFTER_CLASSIC_FIREWALL",
            "numeric_id": "3734203977948510389",
            "project": "aiqfome-host-project-dev-0ac5",
            "routing_mode": "REGIONAL",
            "self_link": "https://www.googleapis.com/compute/v1/projects/aiqfome-host-project-dev-0ac5/global/networks/plusdelivery-project-vpc-dev",
            "timeouts": null
          },
          "sensitive_attributes": [],
          "private": "eyJlMmJmYjczMC1lY2FhLTExZTYtOGY4OC0zNDM2M2JjN2M0YzAiOnsiY3JlYXRlIjoxMjAwMDAwMDAwMDAwLCJkZWxldGUiOjEyMDAwMDAwMDAwMDAsInVwZGF0ZSI6MTIwMDAwMDAwMDAwMH19"
        }
      ]
    },
    {
      "mode": "managed",
      "type": "google_compute_shared_vpc_host_project",
      "name": "shared_vpc_host_project_dev",
      "provider": "provider[\"registry.terraform.io/hashicorp/google\"]",
      "instances": [
        {
          "schema_version": 0,
          "attributes": {
            "id": "aiqfome-host-project-dev-0ac5",
            "project": "aiqfome-host-project-dev-0ac5",
            "timeouts": null
          },
          "sensitive_attributes": [],
          "private": "eyJlMmJmYjczMC1lY2FhLTExZTYtOGY4OC0zNDM2M2JjN2M0YzAiOnsiY3JlYXRlIjoyNDAwMDAwMDAwMDAsImRlbGV0ZSI6MjQwMDAwMDAwMDAwfX0="
        }
      ]
    },
    {
      "mode": "managed",
      "type": "google_compute_shared_vpc_service_project",
      "name": "aiqentrega_service_project_dev",
      "provider": "provider[\"registry.terraform.io/hashicorp/google\"]",
      "instances": [
        {
          "schema_version": 0,
          "attributes": {
            "deletion_policy": null,
            "host_project": "aiqfome-host-project-dev-0ac5",
            "id": "aiqfome-host-project-dev-0ac5/aiqentrega-project-dev-0ac5",
            "service_project": "aiqentrega-project-dev-0ac5",
            "timeouts": null
          },
          "sensitive_attributes": [],
          "private": "eyJlMmJmYjczMC1lY2FhLTExZTYtOGY4OC0zNDM2M2JjN2M0YzAiOnsiY3JlYXRlIjoyNDAwMDAwMDAwMDAsImRlbGV0ZSI6MjQwMDAwMDAwMDAwfX0=",
          "dependencies": [
            "google_compute_network.vpc_network_aiqentrega_dev",
            "google_compute_shared_vpc_host_project.shared_vpc_host_project_dev"
          ]
        }
      ]
    },
    {
      "mode": "managed",
      "type": "google_compute_shared_vpc_service_project",
      "name": "aiqfome_service_project_dev",
      "provider": "provider[\"registry.terraform.io/hashicorp/google\"]",
      "instances": [
        {
          "schema_version": 0,
          "attributes": {
            "deletion_policy": null,
            "host_project": "aiqfome-host-project-dev-0ac5",
            "id": "aiqfome-host-project-dev-0ac5/aiqfome-project-dev-0ac5",
            "service_project": "aiqfome-project-dev-0ac5",
            "timeouts": null
          },
          "sensitive_attributes": [],
          "private": "eyJlMmJmYjczMC1lY2FhLTExZTYtOGY4OC0zNDM2M2JjN2M0YzAiOnsiY3JlYXRlIjoyNDAwMDAwMDAwMDAsImRlbGV0ZSI6MjQwMDAwMDAwMDAwfX0=",
          "dependencies": [
            "google_compute_network.vpc_network_aiqfome_dev",
            "google_compute_shared_vpc_host_project.shared_vpc_host_project_dev"
          ]
        }
      ]
    },
    {
      "mode": "managed",
      "type": "google_compute_shared_vpc_service_project",
      "name": "plusdelivery_service_project_dev",
      "provider": "provider[\"registry.terraform.io/hashicorp/google\"]",
      "instances": [
        {
          "schema_version": 0,
          "attributes": {
            "deletion_policy": null,
            "host_project": "aiqfome-host-project-dev-0ac5",
            "id": "aiqfome-host-project-dev-0ac5/plusdelivery-project-dev-0ac5",
            "service_project": "plusdelivery-project-dev-0ac5",
            "timeouts": null
          },
          "sensitive_attributes": [],
          "private": "eyJlMmJmYjczMC1lY2FhLTExZTYtOGY4OC0zNDM2M2JjN2M0YzAiOnsiY3JlYXRlIjoyNDAwMDAwMDAwMDAsImRlbGV0ZSI6MjQwMDAwMDAwMDAwfX0=",
          "dependencies": [
            "google_compute_network.vpc_network_plusdelivery_dev",
            "google_compute_shared_vpc_host_project.shared_vpc_host_project_dev"
          ]
        }
      ]
    },
    {
      "mode": "managed",
      "type": "google_compute_subnetwork",
      "name": "subnet_aiqfome_application_dev",
      "provider": "provider[\"registry.terraform.io/hashicorp/google\"]",
      "instances": [
        {
          "schema_version": 0,
          "attributes": {
            "creation_timestamp": "2024-09-01T17:27:19.505-07:00",
            "description": "",
            "external_ipv6_prefix": "",
            "fingerprint": null,
            "gateway_address": "10.65.16.1",
            "id": "projects/aiqfome-host-project-dev-0ac5/regions/us-central1/subnetworks/aiqfome-subnet-application-dev",
            "internal_ipv6_prefix": "",
            "ip_cidr_range": "10.65.16.0/20",
            "ipv6_access_type": "",
            "ipv6_cidr_range": "",
            "log_config": [],
            "name": "aiqfome-subnet-application-dev",
            "network": "https://www.googleapis.com/compute/v1/projects/aiqfome-host-project-dev-0ac5/global/networks/aiqfome-project-vpc-dev",
            "private_ip_google_access": false,
            "private_ipv6_google_access": "DISABLE_GOOGLE_ACCESS",
            "project": "aiqfome-host-project-dev-0ac5",
            "purpose": "PRIVATE",
            "region": "us-central1",
            "role": "",
            "secondary_ip_range": [],
            "self_link": "https://www.googleapis.com/compute/v1/projects/aiqfome-host-project-dev-0ac5/regions/us-central1/subnetworks/aiqfome-subnet-application-dev",
            "send_secondary_ip_range_if_empty": null,
            "stack_type": "IPV4_ONLY",
            "timeouts": null
          },
          "sensitive_attributes": [],
          "private": "eyJlMmJmYjczMC1lY2FhLTExZTYtOGY4OC0zNDM2M2JjN2M0YzAiOnsiY3JlYXRlIjoxMjAwMDAwMDAwMDAwLCJkZWxldGUiOjEyMDAwMDAwMDAwMDAsInVwZGF0ZSI6MTIwMDAwMDAwMDAwMH19",
          "dependencies": [
            "google_compute_network.vpc_network_aiqfome_dev"
          ]
        }
      ]
    },
    {
      "mode": "managed",
      "type": "google_compute_subnetwork",
      "name": "subnet_aiqfome_services_dev",
      "provider": "provider[\"registry.terraform.io/hashicorp/google\"]",
      "instances": [
        {
          "schema_version": 0,
          "attributes": {
            "creation_timestamp": "2024-09-01T17:27:19.632-07:00",
            "description": "",
            "external_ipv6_prefix": "",
            "fingerprint": null,
            "gateway_address": "10.65.0.1",
            "id": "projects/aiqfome-host-project-dev-0ac5/regions/us-central1/subnetworks/aiqfome-subnet-service-dev",
            "internal_ipv6_prefix": "",
            "ip_cidr_range": "10.65.0.0/20",
            "ipv6_access_type": "",
            "ipv6_cidr_range": "",
            "log_config": [],
            "name": "aiqfome-subnet-service-dev",
            "network": "https://www.googleapis.com/compute/v1/projects/aiqfome-host-project-dev-0ac5/global/networks/aiqfome-project-vpc-dev",
            "private_ip_google_access": false,
            "private_ipv6_google_access": "DISABLE_GOOGLE_ACCESS",
            "project": "aiqfome-host-project-dev-0ac5",
            "purpose": "PRIVATE",
            "region": "us-central1",
            "role": "",
            "secondary_ip_range": [],
            "self_link": "https://www.googleapis.com/compute/v1/projects/aiqfome-host-project-dev-0ac5/regions/us-central1/subnetworks/aiqfome-subnet-service-dev",
            "send_secondary_ip_range_if_empty": null,
            "stack_type": "IPV4_ONLY",
            "timeouts": null
          },
          "sensitive_attributes": [],
          "private": "eyJlMmJmYjczMC1lY2FhLTExZTYtOGY4OC0zNDM2M2JjN2M0YzAiOnsiY3JlYXRlIjoxMjAwMDAwMDAwMDAwLCJkZWxldGUiOjEyMDAwMDAwMDAwMDAsInVwZGF0ZSI6MTIwMDAwMDAwMDAwMH19",
          "dependencies": [
            "google_compute_network.vpc_network_aiqfome_dev"
          ]
        }
      ]
    },
    {
      "mode": "managed",
      "type": "google_compute_subnetwork",
      "name": "vpc_subnet_aiqentrega_application_dev",
      "provider": "provider[\"registry.terraform.io/hashicorp/google\"]",
      "instances": [
        {
          "schema_version": 0,
          "attributes": {
            "creation_timestamp": "2024-09-01T17:27:19.889-07:00",
            "description": "",
            "external_ipv6_prefix": "",
            "fingerprint": null,
            "gateway_address": "10.66.16.1",
            "id": "projects/aiqfome-host-project-dev-0ac5/regions/us-central1/subnetworks/aiqentrega-subnet-application-dev",
            "internal_ipv6_prefix": "",
            "ip_cidr_range": "10.66.16.0/20",
            "ipv6_access_type": "",
            "ipv6_cidr_range": "",
            "log_config": [],
            "name": "aiqentrega-subnet-application-dev",
            "network": "https://www.googleapis.com/compute/v1/projects/aiqfome-host-project-dev-0ac5/global/networks/aiqentrega-project-vpc-dev",
            "private_ip_google_access": false,
            "private_ipv6_google_access": "DISABLE_GOOGLE_ACCESS",
            "project": "aiqfome-host-project-dev-0ac5",
            "purpose": "PRIVATE",
            "region": "us-central1",
            "role": "",
            "secondary_ip_range": [],
            "self_link": "https://www.googleapis.com/compute/v1/projects/aiqfome-host-project-dev-0ac5/regions/us-central1/subnetworks/aiqentrega-subnet-application-dev",
            "send_secondary_ip_range_if_empty": null,
            "stack_type": "IPV4_ONLY",
            "timeouts": null
          },
          "sensitive_attributes": [],
          "private": "eyJlMmJmYjczMC1lY2FhLTExZTYtOGY4OC0zNDM2M2JjN2M0YzAiOnsiY3JlYXRlIjoxMjAwMDAwMDAwMDAwLCJkZWxldGUiOjEyMDAwMDAwMDAwMDAsInVwZGF0ZSI6MTIwMDAwMDAwMDAwMH19",
          "dependencies": [
            "google_compute_network.vpc_network_aiqentrega_dev"
          ]
        }
      ]
    },
    {
      "mode": "managed",
      "type": "google_compute_subnetwork",
      "name": "vpc_subnet_aiqentrega_services_dev",
      "provider": "provider[\"registry.terraform.io/hashicorp/google\"]",
      "instances": [
        {
          "schema_version": 0,
          "attributes": {
            "creation_timestamp": "2024-09-01T17:27:19.771-07:00",
            "description": "",
            "external_ipv6_prefix": "",
            "fingerprint": null,
            "gateway_address": "10.66.0.1",
            "id": "projects/aiqfome-host-project-dev-0ac5/regions/us-central1/subnetworks/aiqentrega-subnet-service-dev",
            "internal_ipv6_prefix": "",
            "ip_cidr_range": "10.66.0.0/20",
            "ipv6_access_type": "",
            "ipv6_cidr_range": "",
            "log_config": [],
            "name": "aiqentrega-subnet-service-dev",
            "network": "https://www.googleapis.com/compute/v1/projects/aiqfome-host-project-dev-0ac5/global/networks/aiqentrega-project-vpc-dev",
            "private_ip_google_access": false,
            "private_ipv6_google_access": "DISABLE_GOOGLE_ACCESS",
            "project": "aiqfome-host-project-dev-0ac5",
            "purpose": "PRIVATE",
            "region": "us-central1",
            "role": "",
            "secondary_ip_range": [],
            "self_link": "https://www.googleapis.com/compute/v1/projects/aiqfome-host-project-dev-0ac5/regions/us-central1/subnetworks/aiqentrega-subnet-service-dev",
            "send_secondary_ip_range_if_empty": null,
            "stack_type": "IPV4_ONLY",
            "timeouts": null
          },
          "sensitive_attributes": [],
          "private": "eyJlMmJmYjczMC1lY2FhLTExZTYtOGY4OC0zNDM2M2JjN2M0YzAiOnsiY3JlYXRlIjoxMjAwMDAwMDAwMDAwLCJkZWxldGUiOjEyMDAwMDAwMDAwMDAsInVwZGF0ZSI6MTIwMDAwMDAwMDAwMH19",
          "dependencies": [
            "google_compute_network.vpc_network_aiqentrega_dev"
          ]
        }
      ]
    },
    {
      "mode": "managed",
      "type": "google_compute_subnetwork",
      "name": "vpc_subnet_plusdelivery_application_dev",
      "provider": "provider[\"registry.terraform.io/hashicorp/google\"]",
      "instances": [
        {
          "schema_version": 0,
          "attributes": {
            "creation_timestamp": "2024-09-01T17:27:19.747-07:00",
            "description": "",
            "external_ipv6_prefix": "",
            "fingerprint": null,
            "gateway_address": "10.67.16.1",
            "id": "projects/aiqfome-host-project-dev-0ac5/regions/us-central1/subnetworks/plusdelivery-subnet-application-dev",
            "internal_ipv6_prefix": "",
            "ip_cidr_range": "10.67.16.0/20",
            "ipv6_access_type": "",
            "ipv6_cidr_range": "",
            "log_config": [],
            "name": "plusdelivery-subnet-application-dev",
            "network": "https://www.googleapis.com/compute/v1/projects/aiqfome-host-project-dev-0ac5/global/networks/plusdelivery-project-vpc-dev",
            "private_ip_google_access": false,
            "private_ipv6_google_access": "DISABLE_GOOGLE_ACCESS",
            "project": "aiqfome-host-project-dev-0ac5",
            "purpose": "PRIVATE",
            "region": "us-central1",
            "role": "",
            "secondary_ip_range": [],
            "self_link": "https://www.googleapis.com/compute/v1/projects/aiqfome-host-project-dev-0ac5/regions/us-central1/subnetworks/plusdelivery-subnet-application-dev",
            "send_secondary_ip_range_if_empty": null,
            "stack_type": "IPV4_ONLY",
            "timeouts": null
          },
          "sensitive_attributes": [],
          "private": "eyJlMmJmYjczMC1lY2FhLTExZTYtOGY4OC0zNDM2M2JjN2M0YzAiOnsiY3JlYXRlIjoxMjAwMDAwMDAwMDAwLCJkZWxldGUiOjEyMDAwMDAwMDAwMDAsInVwZGF0ZSI6MTIwMDAwMDAwMDAwMH19",
          "dependencies": [
            "google_compute_network.vpc_network_plusdelivery_dev"
          ]
        }
      ]
    },
    {
      "mode": "managed",
      "type": "google_compute_subnetwork",
      "name": "vpc_subnet_plusdelivery_services_dev",
      "provider": "provider[\"registry.terraform.io/hashicorp/google\"]",
      "instances": [
        {
          "schema_version": 0,
          "attributes": {
            "creation_timestamp": "2024-09-01T17:27:19.180-07:00",
            "description": "",
            "external_ipv6_prefix": "",
            "fingerprint": null,
            "gateway_address": "10.67.0.1",
            "id": "projects/aiqfome-host-project-dev-0ac5/regions/us-central1/subnetworks/plusdelivery-subnet-service-dev",
            "internal_ipv6_prefix": "",
            "ip_cidr_range": "10.67.0.0/20",
            "ipv6_access_type": "",
            "ipv6_cidr_range": "",
            "log_config": [],
            "name": "plusdelivery-subnet-service-dev",
            "network": "https://www.googleapis.com/compute/v1/projects/aiqfome-host-project-dev-0ac5/global/networks/plusdelivery-project-vpc-dev",
            "private_ip_google_access": false,
            "private_ipv6_google_access": "DISABLE_GOOGLE_ACCESS",
            "project": "aiqfome-host-project-dev-0ac5",
            "purpose": "PRIVATE",
            "region": "us-central1",
            "role": "",
            "secondary_ip_range": [],
            "self_link": "https://www.googleapis.com/compute/v1/projects/aiqfome-host-project-dev-0ac5/regions/us-central1/subnetworks/plusdelivery-subnet-service-dev",
            "send_secondary_ip_range_if_empty": null,
            "stack_type": "IPV4_ONLY",
            "timeouts": null
          },
          "sensitive_attributes": [],
          "private": "eyJlMmJmYjczMC1lY2FhLTExZTYtOGY4OC0zNDM2M2JjN2M0YzAiOnsiY3JlYXRlIjoxMjAwMDAwMDAwMDAwLCJkZWxldGUiOjEyMDAwMDAwMDAwMDAsInVwZGF0ZSI6MTIwMDAwMDAwMDAwMH19",
          "dependencies": [
            "google_compute_network.vpc_network_plusdelivery_dev"
          ]
        }
      ]
    },
    {
      "mode": "managed",
      "type": "local_file",
      "name": "export_network",
      "provider": "provider[\"registry.terraform.io/hashicorp/local\"]",
      "instances": [
        {
          "schema_version": 0,
          "attributes": {
            "content": "{\"aiqentrega_vpc_self_link\":\"https://www.googleapis.com/compute/v1/projects/aiqfome-host-project-dev-0ac5/global/networks/aiqentrega-project-vpc-dev\",\"aiqfome_vpc_self_link\":\"https://www.googleapis.com/compute/v1/projects/aiqfome-host-project-dev-0ac5/global/networks/aiqfome-project-vpc-dev\",\"plusdelivery_vpc_self_link\":\"https://www.googleapis.com/compute/v1/projects/aiqfome-host-project-dev-0ac5/global/networks/plusdelivery-project-vpc-dev\"}",
            "content_base64": null,
            "content_base64sha256": "TmMSrj1OT7RQQJUb7pChi6UHXV1NukuFrXEBC0qYV+Q=",
            "content_base64sha512": "DOuyKf536OpBL/u2EDUTRYdbiAwhKYCMTRevFYsnWjXtz2c3O27OhdJ+Qfj4OzA9FLmh+F9cKtnsMXhW1NyRNg==",
            "content_md5": "cb015a51ff7db8f95edc5ed00aeda478",
            "content_sha1": "1d3fb88d4e72afefe695e8bb1b0495484dd42b96",
            "content_sha256": "4e6312ae3d4e4fb45040951bee90a18ba5075d5d4dba4b85ad71010b4a9857e4",
            "content_sha512": "0cebb229fe77e8ea412ffbb610351345875b880c2129808c4d17af158b275a35edcf67373b6ece85d27e41f8f83b303d14b9a1f85f5c2ad9ec317856d4dc9136",
            "directory_permission": "0777",
            "file_permission": "0777",
            "filename": "../local/shared_vpcs.json",
            "id": "1d3fb88d4e72afefe695e8bb1b0495484dd42b96",
            "sensitive_content": null,
            "source": null
          },
          "sensitive_attributes": [
            [
              {
                "type": "get_attr",
                "value": "sensitive_content"
              }
            ]
          ],
          "dependencies": [
            "google_compute_network.vpc_network_aiqentrega_dev",
            "google_compute_network.vpc_network_aiqfome_dev",
            "google_compute_network.vpc_network_plusdelivery_dev"
          ]
        }
      ]
    },
    {
      "mode": "managed",
      "type": "local_file",
      "name": "export_subnet",
      "provider": "provider[\"registry.terraform.io/hashicorp/local\"]",
      "instances": [
        {
          "schema_version": 0,
          "attributes": {
            "content": "{\"subnet_aiqentrega_application\":\"https://www.googleapis.com/compute/v1/projects/aiqfome-host-project-dev-0ac5/regions/us-central1/subnetworks/aiqentrega-subnet-application-dev\",\"subnet_aiqentrega_service\":\"https://www.googleapis.com/compute/v1/projects/aiqfome-host-project-dev-0ac5/regions/us-central1/subnetworks/aiqentrega-subnet-service-dev\",\"subnet_aiqfome_application\":\"https://www.googleapis.com/compute/v1/projects/aiqfome-host-project-dev-0ac5/regions/us-central1/subnetworks/aiqfome-subnet-application-dev\",\"subnet_aiqfome_service\":\"https://www.googleapis.com/compute/v1/projects/aiqfome-host-project-dev-0ac5/regions/us-central1/subnetworks/aiqfome-subnet-service-dev\",\"subnet_plusdelivery_application\":\"https://www.googleapis.com/compute/v1/projects/aiqfome-host-project-dev-0ac5/regions/us-central1/subnetworks/plusdelivery-subnet-application-dev\",\"subnet_plusdelivery_service\":\"https://www.googleapis.com/compute/v1/projects/aiqfome-host-project-dev-0ac5/regions/us-central1/subnetworks/plusdelivery-subnet-service-dev\"}",
            "content_base64": null,
            "content_base64sha256": "fDa/thvh+hmmGPUprFfmrTPa1N4o4XlV8VaBy1VY8CY=",
            "content_base64sha512": "5p9H9AaTkI2L4ejtpgfdzFadw8D8E9DY3MCTPjp7uTp52niVKFKHrcdK8XWeA756bH0bhpyWkB40KG2ixoMNFQ==",
            "content_md5": "d7afb80a90d3a888e6199dcedfb32a2f",
            "content_sha1": "7a395ee02bf5cbbc2d447d9b776bd41366a7a615",
            "content_sha256": "7c36bfb61be1fa19a618f529ac57e6ad33dad4de28e17955f15681cb5558f026",
            "content_sha512": "e69f47f40693908d8be1e8eda607ddcc569dc3c0fc13d0d8dcc0933e3a7bb93a79da7895285287adc74af1759e03be7a6c7d1b869c96901e34286da2c6830d15",
            "directory_permission": "0777",
            "file_permission": "0777",
            "filename": "../local/subnet.json",
            "id": "7a395ee02bf5cbbc2d447d9b776bd41366a7a615",
            "sensitive_content": null,
            "source": null
          },
          "sensitive_attributes": [
            [
              {
                "type": "get_attr",
                "value": "sensitive_content"
              }
            ]
          ],
          "dependencies": [
            "google_compute_network.vpc_network_aiqentrega_dev",
            "google_compute_network.vpc_network_aiqfome_dev",
            "google_compute_network.vpc_network_plusdelivery_dev",
            "google_compute_subnetwork.subnet_aiqfome_application_dev",
            "google_compute_subnetwork.subnet_aiqfome_services_dev",
            "google_compute_subnetwork.vpc_subnet_aiqentrega_application_dev",
            "google_compute_subnetwork.vpc_subnet_aiqentrega_services_dev",
            "google_compute_subnetwork.vpc_subnet_plusdelivery_application_dev",
            "google_compute_subnetwork.vpc_subnet_plusdelivery_services_dev"
          ]
        }
      ]
    }
  ],
  "check_results": null
}
