{
  "version": 4,
  "terraform_version": "1.9.6",
  "serial": 255,
  "lineage": "b1ab148d-8c98-531a-86f3-4e065c7b5ff6",
  "outputs": {
    "gke_subnet_services": {
      "value": "https://www.googleapis.com/compute/v1/projects/dt-sandbox-host-proj/regions/us-central1/subnetworks/dt-sandbox-service-proj-cluster-vpc-dev",
      "type": "string"
    },
    "gke_subnet_services_id": {
      "value": "projects/dt-sandbox-host-proj/regions/us-central1/subnetworks/dt-sandbox-service-proj-cluster-vpc-dev",
      "type": "string"
    },
    "gke_vpc_subnet_pod_range": {
      "value": "pod-range",
      "type": "string"
    },
    "gke_vpc_subnet_service_range": {
      "value": "services-range",
      "type": "string"
    },
    "service_private_vpc_connection": {
      "value": "https%3A%2F%2Fwww.googleapis.com%2Fcompute%2Fv1%2Fprojects%2Fdt-sandbox-host-proj%2Fglobal%2Fnetworks%2Fdt-sandbox-service-proj-shared-vpc:servicenetworking.googleapis.com",
      "type": "string"
    },
    "service_private_vpc_connection_network": {
      "value": "https://www.googleapis.com/compute/v1/projects/dt-sandbox-host-proj/global/networks/dt-sandbox-service-proj-shared-vpc",
      "type": "string"
    },
    "service_project_private_ip_address_prd": {
      "value": "https://www.googleapis.com/compute/v1/projects/dt-sandbox-host-proj/global/addresses/dt-sandbox-service-proj-private-ip-address-dev",
      "type": "string"
    },
    "service_project_private_ip_address_prd_name": {
      "value": "dt-sandbox-service-proj-private-ip-address-dev",
      "type": "string"
    },
    "subnet_aiqfome_application": {
      "value": "https://www.googleapis.com/compute/v1/projects/dt-sandbox-host-proj/regions/us-central1/subnetworks/dt-sandbox-service-proj-application-vpc-dev",
      "type": "string"
    },
    "subnet_aiqfome_service": {
      "value": "https://www.googleapis.com/compute/v1/projects/dt-sandbox-host-proj/regions/us-central1/subnetworks/dt-sandbox-service-proj-service-vpc-dev",
      "type": "string"
    },
    "vpc_shared_network": {
      "value": "https://www.googleapis.com/compute/v1/projects/dt-sandbox-host-proj/global/networks/dt-sandbox-service-proj-shared-vpc",
      "type": "string"
    },
    "vpc_shared_network_name": {
      "value": "dt-sandbox-service-proj-shared-vpc",
      "type": "string"
    }
  },
  "resources": [
    {
      "mode": "managed",
      "type": "google_compute_firewall",
      "name": "allow_iap",
      "provider": "provider[\"registry.terraform.io/hashicorp/google\"]",
      "instances": [
        {
          "schema_version": 1,
          "attributes": {
            "allow": [
              {
                "ports": [],
                "protocol": "tcp"
              }
            ],
            "creation_timestamp": "2024-10-03T07:16:23.115-07:00",
            "deny": [],
            "description": "",
            "destination_ranges": [],
            "direction": "INGRESS",
            "disabled": false,
            "enable_logging": null,
            "id": "projects/dt-sandbox-host-proj/global/firewalls/allow-iap",
            "log_config": [],
            "name": "allow-iap",
            "network": "https://www.googleapis.com/compute/v1/projects/dt-sandbox-host-proj/global/networks/dt-sandbox-service-proj-shared-vpc",
            "priority": 1000,
            "project": "dt-sandbox-host-proj",
            "self_link": "https://www.googleapis.com/compute/v1/projects/dt-sandbox-host-proj/global/firewalls/allow-iap",
            "source_ranges": [
              "35.235.240.0/20"
            ],
            "source_service_accounts": [],
            "source_tags": [],
            "target_service_accounts": [],
            "target_tags": [],
            "timeouts": null
          },
          "sensitive_attributes": [],
          "private": "eyJlMmJmYjczMC1lY2FhLTExZTYtOGY4OC0zNDM2M2JjN2M0YzAiOnsiY3JlYXRlIjoxMjAwMDAwMDAwMDAwLCJkZWxldGUiOjEyMDAwMDAwMDAwMDAsInVwZGF0ZSI6MTIwMDAwMDAwMDAwMH0sInNjaGVtYV92ZXJzaW9uIjoiMSJ9",
          "dependencies": [
            "google_compute_network.vpc_shared_network"
          ]
        }
      ]
    },
    {
      "mode": "managed",
      "type": "google_compute_global_address",
      "name": "service_project_private_ip_address",
      "provider": "provider[\"registry.terraform.io/hashicorp/google-beta\"]",
      "instances": [
        {
          "schema_version": 0,
          "attributes": {
            "address": "10.192.32.0",
            "address_type": "INTERNAL",
            "creation_timestamp": "2024-10-02T12:57:25.532-07:00",
            "description": "",
            "effective_labels": {
              "goog-terraform-provisioned": "true"
            },
            "id": "projects/dt-sandbox-host-proj/global/addresses/dt-sandbox-service-proj-private-ip-address-dev",
            "ip_version": "",
            "label_fingerprint": "vezUS-42LLM=",
            "labels": {},
            "name": "dt-sandbox-service-proj-private-ip-address-dev",
            "network": "https://www.googleapis.com/compute/v1/projects/dt-sandbox-host-proj/global/networks/dt-sandbox-service-proj-shared-vpc",
            "prefix_length": 20,
            "project": "dt-sandbox-host-proj",
            "purpose": "VPC_PEERING",
            "self_link": "https://www.googleapis.com/compute/v1/projects/dt-sandbox-host-proj/global/addresses/dt-sandbox-service-proj-private-ip-address-dev",
            "terraform_labels": {
              "goog-terraform-provisioned": "true"
            },
            "timeouts": null
          },
          "sensitive_attributes": [],
          "private": "eyJlMmJmYjczMC1lY2FhLTExZTYtOGY4OC0zNDM2M2JjN2M0YzAiOnsiY3JlYXRlIjoxMjAwMDAwMDAwMDAwLCJkZWxldGUiOjEyMDAwMDAwMDAwMDAsInVwZGF0ZSI6MTIwMDAwMDAwMDAwMH19",
          "dependencies": [
            "google_compute_network.vpc_shared_network"
          ]
        }
      ]
    },
    {
      "mode": "managed",
      "type": "google_compute_network",
      "name": "vpc_shared_network",
      "provider": "provider[\"registry.terraform.io/hashicorp/google\"]",
      "instances": [
        {
          "schema_version": 0,
          "attributes": {
            "auto_create_subnetworks": false,
            "delete_default_routes_on_create": false,
            "description": "",
            "enable_ula_internal_ipv6": false,
            "gateway_ipv4": "",
            "id": "projects/dt-sandbox-host-proj/global/networks/dt-sandbox-service-proj-shared-vpc",
            "internal_ipv6_range": "",
            "mtu": 0,
            "name": "dt-sandbox-service-proj-shared-vpc",
            "network_firewall_policy_enforcement_order": "AFTER_CLASSIC_FIREWALL",
            "numeric_id": "2144193650308946797",
            "project": "dt-sandbox-host-proj",
            "routing_mode": "REGIONAL",
            "self_link": "https://www.googleapis.com/compute/v1/projects/dt-sandbox-host-proj/global/networks/dt-sandbox-service-proj-shared-vpc",
            "timeouts": null
          },
          "sensitive_attributes": [],
          "private": "eyJlMmJmYjczMC1lY2FhLTExZTYtOGY4OC0zNDM2M2JjN2M0YzAiOnsiY3JlYXRlIjoxMjAwMDAwMDAwMDAwLCJkZWxldGUiOjEyMDAwMDAwMDAwMDAsInVwZGF0ZSI6MTIwMDAwMDAwMDAwMH19"
        }
      ]
    },
    {
      "mode": "managed",
      "type": "google_compute_shared_vpc_host_project",
      "name": "shared_vpc_host_project",
      "provider": "provider[\"registry.terraform.io/hashicorp/google\"]",
      "instances": [
        {
          "schema_version": 0,
          "attributes": {
            "id": "dt-sandbox-host-proj",
            "project": "dt-sandbox-host-proj",
            "timeouts": null
          },
          "sensitive_attributes": [],
          "private": "eyJlMmJmYjczMC1lY2FhLTExZTYtOGY4OC0zNDM2M2JjN2M0YzAiOnsiY3JlYXRlIjoyNDAwMDAwMDAwMDAsImRlbGV0ZSI6MjQwMDAwMDAwMDAwfX0="
        }
      ]
    },
    {
      "mode": "managed",
      "type": "google_compute_shared_vpc_service_project",
      "name": "aiqfome_service_project_dev",
      "provider": "provider[\"registry.terraform.io/hashicorp/google\"]",
      "instances": [
        {
          "schema_version": 0,
          "attributes": {
            "deletion_policy": null,
            "host_project": "dt-sandbox-host-proj",
            "id": "dt-sandbox-host-proj/dt-sandbox-service-proj",
            "service_project": "dt-sandbox-service-proj",
            "timeouts": null
          },
          "sensitive_attributes": [],
          "private": "eyJlMmJmYjczMC1lY2FhLTExZTYtOGY4OC0zNDM2M2JjN2M0YzAiOnsiY3JlYXRlIjoyNDAwMDAwMDAwMDAsImRlbGV0ZSI6MjQwMDAwMDAwMDAwfX0=",
          "dependencies": [
            "google_compute_network.vpc_shared_network",
            "google_compute_shared_vpc_host_project.shared_vpc_host_project"
          ]
        }
      ]
    },
    {
      "mode": "managed",
      "type": "google_compute_subnetwork",
      "name": "gke_subnet_services",
      "provider": "provider[\"registry.terraform.io/hashicorp/google\"]",
      "instances": [
        {
          "schema_version": 0,
          "attributes": {
            "creation_timestamp": "2024-10-03T07:16:24.167-07:00",
            "description": "",
            "external_ipv6_prefix": "",
            "fingerprint": null,
            "gateway_address": "10.192.48.1",
            "id": "projects/dt-sandbox-host-proj/regions/us-central1/subnetworks/dt-sandbox-service-proj-cluster-vpc-dev",
            "internal_ipv6_prefix": "",
            "ip_cidr_range": "10.192.48.0/20",
            "ipv6_access_type": "",
            "ipv6_cidr_range": "",
            "log_config": [],
            "name": "dt-sandbox-service-proj-cluster-vpc-dev",
            "network": "https://www.googleapis.com/compute/v1/projects/dt-sandbox-host-proj/global/networks/dt-sandbox-service-proj-shared-vpc",
            "private_ip_google_access": false,
            "private_ipv6_google_access": "DISABLE_GOOGLE_ACCESS",
            "project": "dt-sandbox-host-proj",
            "purpose": "PRIVATE",
            "region": "us-central1",
            "role": "",
            "secondary_ip_range": [
              {
                "ip_cidr_range": "10.192.64.0/20",
                "range_name": "services-range"
              },
              {
                "ip_cidr_range": "10.192.80.0/20",
                "range_name": "pod-range"
              }
            ],
            "self_link": "https://www.googleapis.com/compute/v1/projects/dt-sandbox-host-proj/regions/us-central1/subnetworks/dt-sandbox-service-proj-cluster-vpc-dev",
            "send_secondary_ip_range_if_empty": null,
            "stack_type": "IPV4_ONLY",
            "timeouts": null
          },
          "sensitive_attributes": [],
          "private": "eyJlMmJmYjczMC1lY2FhLTExZTYtOGY4OC0zNDM2M2JjN2M0YzAiOnsiY3JlYXRlIjoxMjAwMDAwMDAwMDAwLCJkZWxldGUiOjEyMDAwMDAwMDAwMDAsInVwZGF0ZSI6MTIwMDAwMDAwMDAwMH19",
          "dependencies": [
            "google_compute_network.vpc_shared_network"
          ]
        }
      ]
    },
    {
      "mode": "managed",
      "type": "google_compute_subnetwork",
      "name": "subnet_application",
      "provider": "provider[\"registry.terraform.io/hashicorp/google\"]",
      "instances": [
        {
          "schema_version": 0,
          "attributes": {
            "creation_timestamp": "2024-10-03T07:16:23.679-07:00",
            "description": "",
            "external_ipv6_prefix": "",
            "fingerprint": null,
            "gateway_address": "10.192.16.1",
            "id": "projects/dt-sandbox-host-proj/regions/us-central1/subnetworks/dt-sandbox-service-proj-application-vpc-dev",
            "internal_ipv6_prefix": "",
            "ip_cidr_range": "10.192.16.0/20",
            "ipv6_access_type": "",
            "ipv6_cidr_range": "",
            "log_config": [],
            "name": "dt-sandbox-service-proj-application-vpc-dev",
            "network": "https://www.googleapis.com/compute/v1/projects/dt-sandbox-host-proj/global/networks/dt-sandbox-service-proj-shared-vpc",
            "private_ip_google_access": false,
            "private_ipv6_google_access": "DISABLE_GOOGLE_ACCESS",
            "project": "dt-sandbox-host-proj",
            "purpose": "PRIVATE",
            "region": "us-central1",
            "role": "",
            "secondary_ip_range": [],
            "self_link": "https://www.googleapis.com/compute/v1/projects/dt-sandbox-host-proj/regions/us-central1/subnetworks/dt-sandbox-service-proj-application-vpc-dev",
            "send_secondary_ip_range_if_empty": null,
            "stack_type": "IPV4_ONLY",
            "timeouts": null
          },
          "sensitive_attributes": [],
          "private": "eyJlMmJmYjczMC1lY2FhLTExZTYtOGY4OC0zNDM2M2JjN2M0YzAiOnsiY3JlYXRlIjoxMjAwMDAwMDAwMDAwLCJkZWxldGUiOjEyMDAwMDAwMDAwMDAsInVwZGF0ZSI6MTIwMDAwMDAwMDAwMH19",
          "dependencies": [
            "google_compute_network.vpc_shared_network"
          ]
        }
      ]
    },
    {
      "mode": "managed",
      "type": "google_compute_subnetwork",
      "name": "subnet_services",
      "provider": "provider[\"registry.terraform.io/hashicorp/google\"]",
      "instances": [
        {
          "schema_version": 0,
          "attributes": {
            "creation_timestamp": "2024-10-03T07:16:22.998-07:00",
            "description": "",
            "external_ipv6_prefix": "",
            "fingerprint": null,
            "gateway_address": "10.192.0.1",
            "id": "projects/dt-sandbox-host-proj/regions/us-central1/subnetworks/dt-sandbox-service-proj-service-vpc-dev",
            "internal_ipv6_prefix": "",
            "ip_cidr_range": "10.192.0.0/20",
            "ipv6_access_type": "",
            "ipv6_cidr_range": "",
            "log_config": [],
            "name": "dt-sandbox-service-proj-service-vpc-dev",
            "network": "https://www.googleapis.com/compute/v1/projects/dt-sandbox-host-proj/global/networks/dt-sandbox-service-proj-shared-vpc",
            "private_ip_google_access": false,
            "private_ipv6_google_access": "DISABLE_GOOGLE_ACCESS",
            "project": "dt-sandbox-host-proj",
            "purpose": "PRIVATE",
            "region": "us-central1",
            "role": "",
            "secondary_ip_range": [],
            "self_link": "https://www.googleapis.com/compute/v1/projects/dt-sandbox-host-proj/regions/us-central1/subnetworks/dt-sandbox-service-proj-service-vpc-dev",
            "send_secondary_ip_range_if_empty": null,
            "stack_type": "IPV4_ONLY",
            "timeouts": null
          },
          "sensitive_attributes": [],
          "private": "eyJlMmJmYjczMC1lY2FhLTExZTYtOGY4OC0zNDM2M2JjN2M0YzAiOnsiY3JlYXRlIjoxMjAwMDAwMDAwMDAwLCJkZWxldGUiOjEyMDAwMDAwMDAwMDAsInVwZGF0ZSI6MTIwMDAwMDAwMDAwMH19",
          "dependencies": [
            "google_compute_network.vpc_shared_network"
          ]
        }
      ]
    },
    {
      "mode": "managed",
      "type": "google_service_networking_connection",
      "name": "service_private_vpc_connection",
      "provider": "provider[\"registry.terraform.io/hashicorp/google-beta\"]",
      "instances": [
        {
          "schema_version": 0,
          "attributes": {
            "deletion_policy": null,
            "id": "https%3A%2F%2Fwww.googleapis.com%2Fcompute%2Fv1%2Fprojects%2Fdt-sandbox-host-proj%2Fglobal%2Fnetworks%2Fdt-sandbox-service-proj-shared-vpc:servicenetworking.googleapis.com",
            "network": "https://www.googleapis.com/compute/v1/projects/dt-sandbox-host-proj/global/networks/dt-sandbox-service-proj-shared-vpc",
            "peering": "servicenetworking-googleapis-com",
            "reserved_peering_ranges": [
              "dt-sandbox-service-proj-private-ip-address-dev"
            ],
            "service": "servicenetworking.googleapis.com",
            "timeouts": null,
            "update_on_creation_fail": null
          },
          "sensitive_attributes": [],
          "private": "eyJlMmJmYjczMC1lY2FhLTExZTYtOGY4OC0zNDM2M2JjN2M0YzAiOnsiY3JlYXRlIjo2MDAwMDAwMDAwMDAsImRlbGV0ZSI6NjAwMDAwMDAwMDAwLCJ1cGRhdGUiOjYwMDAwMDAwMDAwMH19",
          "dependencies": [
            "google_compute_global_address.service_project_private_ip_address",
            "google_compute_network.vpc_shared_network"
          ]
        }
      ]
    },
    {
      "mode": "managed",
      "type": "local_file",
      "name": "export_network",
      "provider": "provider[\"registry.terraform.io/hashicorp/local\"]",
      "instances": [
        {
          "schema_version": 0,
          "attributes": {
            "content": "{\"gke_subnet_services\":{\"id\":\"projects/dt-sandbox-host-proj/regions/us-central1/subnetworks/dt-sandbox-service-proj-cluster-vpc-dev\",\"ip_cidr_range\":\"10.192.48.0/20\",\"name\":\"dt-sandbox-service-proj-cluster-vpc-dev\",\"secondary_ip_range\":{\"pod_range\":\"10.192.80.0/20\",\"pod_range_name\":\"pod-range\",\"services_range\":\"10.192.64.0/20\",\"services_range_name\":\"services-range\"},\"self_link\":\"https://www.googleapis.com/compute/v1/projects/dt-sandbox-host-proj/regions/us-central1/subnetworks/dt-sandbox-service-proj-cluster-vpc-dev\"},\"service_private_vpc_connection\":{\"id\":\"https%3A%2F%2Fwww.googleapis.com%2Fcompute%2Fv1%2Fprojects%2Fdt-sandbox-host-proj%2Fglobal%2Fnetworks%2Fdt-sandbox-service-proj-shared-vpc:servicenetworking.googleapis.com\",\"network\":\"https://www.googleapis.com/compute/v1/projects/dt-sandbox-host-proj/global/networks/dt-sandbox-service-proj-shared-vpc\"},\"service_project_private_ip_address\":{\"id\":\"projects/dt-sandbox-host-proj/global/addresses/dt-sandbox-service-proj-private-ip-address-dev\",\"name\":\"dt-sandbox-service-proj-private-ip-address-dev\",\"self_link\":\"https://www.googleapis.com/compute/v1/projects/dt-sandbox-host-proj/global/addresses/dt-sandbox-service-proj-private-ip-address-dev\"},\"subnet_application\":{\"id\":\"projects/dt-sandbox-host-proj/regions/us-central1/subnetworks/dt-sandbox-service-proj-application-vpc-dev\",\"name\":\"dt-sandbox-service-proj-application-vpc-dev\",\"self_link\":\"https://www.googleapis.com/compute/v1/projects/dt-sandbox-host-proj/regions/us-central1/subnetworks/dt-sandbox-service-proj-application-vpc-dev\"},\"subnet_services\":{\"id\":\"projects/dt-sandbox-host-proj/regions/us-central1/subnetworks/dt-sandbox-service-proj-service-vpc-dev\",\"name\":\"dt-sandbox-service-proj-service-vpc-dev\",\"self_link\":\"https://www.googleapis.com/compute/v1/projects/dt-sandbox-host-proj/regions/us-central1/subnetworks/dt-sandbox-service-proj-service-vpc-dev\"},\"vpc_shared_network\":{\"id\":\"projects/dt-sandbox-host-proj/global/networks/dt-sandbox-service-proj-shared-vpc\",\"name\":\"dt-sandbox-service-proj-shared-vpc\",\"self_link\":\"https://www.googleapis.com/compute/v1/projects/dt-sandbox-host-proj/global/networks/dt-sandbox-service-proj-shared-vpc\"}}",
            "content_base64": null,
            "content_base64sha256": "Qy5gEDss0jYSWmGXYXzfYktSSTdsEo23j2iZ3l+/VP0=",
            "content_base64sha512": "9ouBNsswsjDIUgZu5udMFkggK2Lg8YWrtguZr4n32qYPhl4gykjjcB7P/HpxLOyFcCmO6MsEq6ToQPO9iClORw==",
            "content_md5": "c63420e59a5e157f9c4c4ef8de2120a5",
            "content_sha1": "82ba17d485dd0b83d0695755b55ac6babdb53908",
            "content_sha256": "432e60103b2cd236125a6197617cdf624b5249376c128db78f6899de5fbf54fd",
            "content_sha512": "f68b8136cb30b230c852066ee6e74c1648202b62e0f185abb60b99af89f7daa60f865e20ca48e3701ecffc7a712cec8570298ee8cb04aba4e840f3bd88294e47",
            "directory_permission": "0777",
            "file_permission": "0777",
            "filename": "./network.json",
            "id": "82ba17d485dd0b83d0695755b55ac6babdb53908",
            "sensitive_content": null,
            "source": null
          },
          "sensitive_attributes": [
            [
              {
                "type": "get_attr",
                "value": "sensitive_content"
              }
            ]
          ],
          "dependencies": [
            "google_compute_global_address.service_project_private_ip_address",
            "google_compute_network.vpc_shared_network",
            "google_compute_subnetwork.gke_subnet_services",
            "google_compute_subnetwork.subnet_application",
            "google_compute_subnetwork.subnet_services",
            "google_service_networking_connection.service_private_vpc_connection"
          ]
        }
      ]
    }
  ],
  "check_results": null
}
